
Microsoft Visual Studio Solution File, Format Version 12.00
# Visual Studio Version 17
VisualStudioVersion = 17.5.33627.172
MinimumVisualStudioVersion = 10.0.40219.1
Project("{FAE04EC0-301F-11D3-BF4B-00C04F79EFBC}") = "GenericCollections", "GenericCollections.csproj", "{39CC08D0-E965-4E70-A13A-AD36FE937A92}"
EndProject
Global
	GlobalSection(SolutionConfigurationPlatforms) = preSolution
		Debug|Any CPU = Debug|Any CPU
		Release|Any CPU = Release|Any CPU
	EndGlobalSection
	GlobalSection(ProjectConfigurationPlatforms) = postSolution
		{39CC08D0-E965-4E70-A13A-AD36FE937A92}.Debug|Any CPU.ActiveCfg = Debug|Any CPU
		{39CC08D0-E965-4E70-A13A-AD36FE937A92}.Debug|Any CPU.Build.0 = Debug|Any CPU
		{39CC08D0-E965-4E70-A13A-AD36FE937A92}.Release|Any CPU.ActiveCfg = Release|Any CPU
		{39CC08D0-E965-4E70-A13A-AD36FE937A92}.Release|Any CPU.Build.0 = Release|Any CPU
	EndGlobalSection
	GlobalSection(SolutionProperties) = preSolution
		HideSolutionNode = FALSE
	EndGlobalSection
	GlobalSection(ExtensibilityGlobals) = postSolution
		SolutionGuid = {4A84F2C0-96CB-45D8-B537-F2E52E24AF3A}
	EndGlobalSection
EndGlobal
